
Microsoft Visual Studio Solution File, Format Version 12.00
# Visual Studio Version 16
VisualStudioVersion = 16.0.30804.86
MinimumVisualStudioVersion = 10.0.40219.1
Project("{9A19103F-16F7-4668-BE54-9A1E7A4F7556}") = "HenHen.Core", "HenHen.Core\HenHen.Core.csproj", "{4391B31E-F52D-47C4-8A18-9DDF6C94C1B9}"
EndProject
Project("{9A19103F-16F7-4668-BE54-9A1E7A4F7556}") = "HenHen.Visual", "HenHen.Visual\HenHen.Visual.csproj", "{4158CB43-F1A7-442A-85EC-1FE7575235B7}"
EndProject
Project("{9A19103F-16F7-4668-BE54-9A1E7A4F7556}") = "HenHen.Framework", "HenHen.Framework\HenHen.Framework.csproj", "{9854DCA4-786F-4B8B-940A-638F9A9A048A}"
EndProject
Project("{9A19103F-16F7-4668-BE54-9A1E7A4F7556}") = "HenHen.Framework.Tests", "HenHen.Framework.Tests\HenHen.Framework.Tests.csproj", "{950C4E42-BFD0-4D65-BFA1-35C19D637C00}"
EndProject
Project("{9A19103F-16F7-4668-BE54-9A1E7A4F7556}") = "HenHen.Framework.VisualTests", "HenHen.Framework.VisualTests\HenHen.Framework.VisualTests.csproj", "{BA38218A-2C02-4C38-BBD2-09F5EA18042E}"
EndProject
Project("{2150E333-8FDC-42A3-9474-1A3956D46DE8}") = "Solution Items", "Solution Items", "{0C0375A9-1603-40AB-B4B1-5D7FF9234FAD}"
	ProjectSection(SolutionItems) = preProject
		.editorconfig = .editorconfig
		.globalconfig = .globalconfig
	EndProjectSection
EndProject
Project("{9A19103F-16F7-4668-BE54-9A1E7A4F7556}") = "HenHen.Core.Tests", "HenHen.Core.Tests\HenHen.Core.Tests.csproj", "{287DE07F-0A6E-428C-86BA-A287670E4A48}"
EndProject
Project("{FAE04EC0-301F-11D3-BF4B-00C04F79EFBC}") = "HenHen.Core.VisualTests", "HenHen.Core.VisualTests\HenHen.Core.VisualTests.csproj", "{A1ED6354-38E5-47D2-B888-43B3ED8E0B64}"
EndProject
Global
	GlobalSection(SolutionConfigurationPlatforms) = preSolution
		Debug|Any CPU = Debug|Any CPU
		Release|Any CPU = Release|Any CPU
	EndGlobalSection
	GlobalSection(ProjectConfigurationPlatforms) = postSolution
		{4391B31E-F52D-47C4-8A18-9DDF6C94C1B9}.Debug|Any CPU.ActiveCfg = Debug|Any CPU
		{4391B31E-F52D-47C4-8A18-9DDF6C94C1B9}.Debug|Any CPU.Build.0 = Debug|Any CPU
		{4391B31E-F52D-47C4-8A18-9DDF6C94C1B9}.Release|Any CPU.ActiveCfg = Release|Any CPU
		{4391B31E-F52D-47C4-8A18-9DDF6C94C1B9}.Release|Any CPU.Build.0 = Release|Any CPU
		{4158CB43-F1A7-442A-85EC-1FE7575235B7}.Debug|Any CPU.ActiveCfg = Debug|Any CPU
		{4158CB43-F1A7-442A-85EC-1FE7575235B7}.Debug|Any CPU.Build.0 = Debug|Any CPU
		{4158CB43-F1A7-442A-85EC-1FE7575235B7}.Release|Any CPU.ActiveCfg = Release|Any CPU
		{4158CB43-F1A7-442A-85EC-1FE7575235B7}.Release|Any CPU.Build.0 = Release|Any CPU
		{9854DCA4-786F-4B8B-940A-638F9A9A048A}.Debug|Any CPU.ActiveCfg = Debug|Any CPU
		{9854DCA4-786F-4B8B-940A-638F9A9A048A}.Debug|Any CPU.Build.0 = Debug|Any CPU
		{9854DCA4-786F-4B8B-940A-638F9A9A048A}.Release|Any CPU.ActiveCfg = Release|Any CPU
		{9854DCA4-786F-4B8B-940A-638F9A9A048A}.Release|Any CPU.Build.0 = Release|Any CPU
		{950C4E42-BFD0-4D65-BFA1-35C19D637C00}.Debug|Any CPU.ActiveCfg = Debug|Any CPU
		{950C4E42-BFD0-4D65-BFA1-35C19D637C00}.Debug|Any CPU.Build.0 = Debug|Any CPU
		{950C4E42-BFD0-4D65-BFA1-35C19D637C00}.Release|Any CPU.ActiveCfg = Release|Any CPU
		{950C4E42-BFD0-4D65-BFA1-35C19D637C00}.Release|Any CPU.Build.0 = Release|Any CPU
		{BA38218A-2C02-4C38-BBD2-09F5EA18042E}.Debug|Any CPU.ActiveCfg = Debug|Any CPU
		{BA38218A-2C02-4C38-BBD2-09F5EA18042E}.Debug|Any CPU.Build.0 = Debug|Any CPU
		{BA38218A-2C02-4C38-BBD2-09F5EA18042E}.Release|Any CPU.ActiveCfg = Release|Any CPU
		{BA38218A-2C02-4C38-BBD2-09F5EA18042E}.Release|Any CPU.Build.0 = Release|Any CPU
		{287DE07F-0A6E-428C-86BA-A287670E4A48}.Debug|Any CPU.ActiveCfg = Debug|Any CPU
		{287DE07F-0A6E-428C-86BA-A287670E4A48}.Debug|Any CPU.Build.0 = Debug|Any CPU
		{287DE07F-0A6E-428C-86BA-A287670E4A48}.Release|Any CPU.ActiveCfg = Release|Any CPU
		{287DE07F-0A6E-428C-86BA-A287670E4A48}.Release|Any CPU.Build.0 = Release|Any CPU
		{A1ED6354-38E5-47D2-B888-43B3ED8E0B64}.Debug|Any CPU.ActiveCfg = Debug|Any CPU
		{A1ED6354-38E5-47D2-B888-43B3ED8E0B64}.Debug|Any CPU.Build.0 = Debug|Any CPU
		{A1ED6354-38E5-47D2-B888-43B3ED8E0B64}.Release|Any CPU.ActiveCfg = Release|Any CPU
		{A1ED6354-38E5-47D2-B888-43B3ED8E0B64}.Release|Any CPU.Build.0 = Release|Any CPU
	EndGlobalSection
	GlobalSection(SolutionProperties) = preSolution
		HideSolutionNode = FALSE
	EndGlobalSection
	GlobalSection(ExtensibilityGlobals) = postSolution
		SolutionGuid = {C4A502BB-2956-4A66-912E-2D5556D22981}
	EndGlobalSection
EndGlobal
